# THIS IS AN AUTOGENERATED FILE. DO NOT EDIT THIS FILE DIRECTLY.
# yarn lockfile v1


bootstrap@^4.5.0:
  version "4.5.0"
  resolved "https://registry.yarnpkg.com/bootstrap/-/bootstrap-4.5.0.tgz#97d9dbcb5a8972f8722c9962483543b907d9b9ec"
  integrity sha512-Z93QoXvodoVslA+PWNdk23Hze4RBYIkpb5h8I2HY2Tu2h7A0LpAgLcyrhrSUyo2/Oxm2l1fRZPs1e5hnxnliXA==

nanobar@^0.4.2:
  version "0.4.2"
  resolved "https://registry.yarnpkg.com/nanobar/-/nanobar-0.4.2.tgz#01c512e6c662e38562694f64e4a88a253732f48f"
  integrity sha1-AcUS5sZi44ViaU9k5KiKJTcy9I8=

progressbar.js@^1.1.0:
  version "1.1.0"
  resolved "https://registry.yarnpkg.com/progressbar.js/-/progressbar.js-1.1.0.tgz#300f99be40ba93fb0867f91dff01771236cade70"
  integrity sha512-K68/xcyXKo2I6T3PfIkXrRaycxROmWeU4bugb49iulWR25cU94PM0cfZ47S0jDhG5K3vPhZwCOy1fgb5Pgh6UQ==
  dependencies:
    shifty "^2.1.2"

shifty@^2.1.2:
  version "2.9.0"
  resolved "https://registry.yarnpkg.com/shifty/-/shifty-2.9.0.tgz#6488fb748e64e5865c8d1d9b8f1762be17e7cc86"
  integrity sha512-CMPneof4IWabiu7KVCffYh4T+o2BeTC4OjQzbGGezYSDDcuGk4MWZY77KHV2LXWS78T0NgCDUrUfsRNZNvhevg==
