# THIS IS AN AUTOGENERATED FILE. DO NOT EDIT THIS FILE DIRECTLY.
# yarn lockfile v1


bootstrap@^4.5.0:
  version "4.5.0"
  resolved "https://registry.yarnpkg.com/bootstrap/-/bootstrap-4.5.0.tgz#97d9dbcb5a8972f8722c9962483543b907d9b9ec"
  integrity sha512-Z93QoXvodoVslA+PWNdk23Hze4RBYIkpb5h8I2HY2Tu2h7A0LpAgLcyrhrSUyo2/Oxm2l1fRZPs1e5hnxnliXA==

ev-emitter@^1.0.0:
  version "1.1.1"
  resolved "https://registry.yarnpkg.com/ev-emitter/-/ev-emitter-1.1.1.tgz#8f18b0ce5c76a5d18017f71c0a795c65b9138f2a"
  integrity sha512-ipiDYhdQSCZ4hSbX4rMW+XzNKMD1prg/sTvoVmSLkuQ1MVlwjJQQA+sW8tMYR3BLUr9KjodFV4pvzunvRhd33Q==

fast-memoize@^2.5.1:
  version "2.5.2"
  resolved "https://registry.yarnpkg.com/fast-memoize/-/fast-memoize-2.5.2.tgz#79e3bb6a4ec867ea40ba0e7146816f6cdce9b57e"
  integrity sha512-Ue0LwpDYErFbmNnZSF0UH6eImUwDmogUO1jyE+JbN2gsQz/jICm1Ve7t9QT0rNSsfJt+Hs4/S3GnsDVjL4HVrw==

filterizr@^2.2.4:
  version "2.2.4"
  resolved "https://registry.yarnpkg.com/filterizr/-/filterizr-2.2.4.tgz#02fd75cffd46ef7acc85f55e132064650ae90a14"
  integrity sha512-hqyEdg7RrvJMVFOeF0yysS75HP6jLu0wBSUtSPAc3BysAtHpwcXaPnR1kYp2uZtd3YXyhH6JRfF9+H4SRvrqXg==
  dependencies:
    fast-memoize "^2.5.1"
    imagesloaded "^4.1.4"

imagesloaded@^4.1.4:
  version "4.1.4"
  resolved "https://registry.yarnpkg.com/imagesloaded/-/imagesloaded-4.1.4.tgz#1376efcd162bb768c34c3727ac89cc04051f3cc7"
  integrity sha512-ltiBVcYpc/TYTF5nolkMNsnREHW+ICvfQ3Yla2Sgr71YFwQ86bDwV9hgpFhFtrGPuwEx5+LqOHIrdXBdoWwwsA==
  dependencies:
    ev-emitter "^1.0.0"

nanobar@^0.4.2:
  version "0.4.2"
  resolved "https://registry.yarnpkg.com/nanobar/-/nanobar-0.4.2.tgz#01c512e6c662e38562694f64e4a88a253732f48f"
  integrity sha1-AcUS5sZi44ViaU9k5KiKJTcy9I8=

progressbar.js@^1.1.0:
  version "1.1.0"
  resolved "https://registry.yarnpkg.com/progressbar.js/-/progressbar.js-1.1.0.tgz#300f99be40ba93fb0867f91dff01771236cade70"
  integrity sha512-K68/xcyXKo2I6T3PfIkXrRaycxROmWeU4bugb49iulWR25cU94PM0cfZ47S0jDhG5K3vPhZwCOy1fgb5Pgh6UQ==
  dependencies:
    shifty "^2.1.2"

shifty@^2.1.2:
  version "2.9.0"
  resolved "https://registry.yarnpkg.com/shifty/-/shifty-2.9.0.tgz#6488fb748e64e5865c8d1d9b8f1762be17e7cc86"
  integrity sha512-CMPneof4IWabiu7KVCffYh4T+o2BeTC4OjQzbGGezYSDDcuGk4MWZY77KHV2LXWS78T0NgCDUrUfsRNZNvhevg==
